
Microsoft Visual Studio Solution File, Format Version 12.00
# Visual Studio Version 17
VisualStudioVersion = 17.14.36603.0
MinimumVisualStudioVersion = 10.0.40219.1
Project("{8BC9CEB8-8B4A-11D0-8D11-00A0C91BC942}") = "EightPartEssayProjects", "EightPartEssayProjects\EightPartEssayProjects.vcxproj", "{0BF57530-1322-4A02-967F-8B51A37C1E11}"
EndProject
Project("{8BC9CEB8-8B4A-11D0-8D11-00A0C91BC942}") = "001_无重复字符的最长字串", "001_无重复字符的最长字串\001_无重复字符的最长字串.vcxproj", "{A803D7F2-F7F1-4E33-980C-F27E32C727CB}"
EndProject
Project("{8BC9CEB8-8B4A-11D0-8D11-00A0C91BC942}") = "002_LRU缓存机制", "002_LRU缓存机制\002_LRU缓存机制.vcxproj", "{091EB878-3BE7-4E46-BFAE-10702E69CC50}"
EndProject
Project("{8BC9CEB8-8B4A-11D0-8D11-00A0C91BC942}") = "003_反转链表", "003_反转链表\003_反转链表.vcxproj", "{D64EDB4A-04CD-42CF-B3E6-F65E822EFAA9}"
EndProject
Project("{8BC9CEB8-8B4A-11D0-8D11-00A0C91BC942}") = "004_数组中的第K个最大元素", "004_数组中的第K个最大元素\004_数组中的第K个最大元素.vcxproj", "{1860AFE7-4094-4F22-ACBE-0F21D8A23827}"
EndProject
Project("{8BC9CEB8-8B4A-11D0-8D11-00A0C91BC942}") = "005_K个一组翻转链表", "005_K个一组翻转链表\005_K个一组翻转链表.vcxproj", "{1EE8DC7B-D569-4B8A-ADBC-8CB89221277E}"
EndProject
Project("{8BC9CEB8-8B4A-11D0-8D11-00A0C91BC942}") = "006_三数之和", "006_三数之和\006_三数之和.vcxproj", "{7DD38489-3195-46A4-A6F4-879C77598ACE}"
EndProject
Project("{8BC9CEB8-8B4A-11D0-8D11-00A0C91BC942}") = "007_最大子数组和", "007_最大子数组和\007_最大子数组和.vcxproj", "{80FD9428-1A26-40B1-878A-E6A6A445EFD8}"
EndProject
Project("{8BC9CEB8-8B4A-11D0-8D11-00A0C91BC942}") = "008_手撕快速排序", "008_手撕快速排序\008_手撕快速排序.vcxproj", "{8906EB09-8487-49D1-B609-63EE7B8806BC}"
EndProject
Project("{8BC9CEB8-8B4A-11D0-8D11-00A0C91BC942}") = "009_最长回文子串", "009_最长回文子串\009_最长回文子串.vcxproj", "{9DCD5194-9775-49D8-9AD3-BBC522538348}"
EndProject
Project("{8BC9CEB8-8B4A-11D0-8D11-00A0C91BC942}") = "010_合并两个有序链表", "010_合并两个有序链表\010_合并两个有序链表.vcxproj", "{36D978E5-FBAE-4102-9307-4A7A468AFD6E}"
EndProject
Project("{8BC9CEB8-8B4A-11D0-8D11-00A0C91BC942}") = "011_二叉树的层次遍历", "011_二叉树的层次遍历\011_二叉树的层次遍历.vcxproj", "{F0A2A8D5-4F31-4D39-B6EA-6986F06493A5}"
EndProject
Project("{8BC9CEB8-8B4A-11D0-8D11-00A0C91BC942}") = "012_岛屿数量问题", "012_岛屿数量问题\012_岛屿数量问题.vcxproj", "{2D67365E-F0C2-4A49-9D89-349081379FD4}"
EndProject
Project("{8BC9CEB8-8B4A-11D0-8D11-00A0C91BC942}") = "013_搜索旋转排序数组", "013_搜索旋转排序数组\013_搜索旋转排序数组.vcxproj", "{87200CEE-DA57-4E90-849D-A4FFA0E49CFC}"
EndProject
Project("{8BC9CEB8-8B4A-11D0-8D11-00A0C91BC942}") = "014_两数之和", "014_两数之和\014_两数之和.vcxproj", "{58D0B609-AAEC-470E-AB05-98E84593DC1F}"
EndProject
Project("{8BC9CEB8-8B4A-11D0-8D11-00A0C91BC942}") = "015_全排列问题", "015_全排列问题\015_全排列问题.vcxproj", "{904A9D1D-F042-4350-86BF-3F2753127FCC}"
EndProject
Project("{8BC9CEB8-8B4A-11D0-8D11-00A0C91BC942}") = "016_合并两个有序数组", "016_合并两个有序数组\016_合并两个有序数组.vcxproj", "{9001F138-1A33-46FD-BAF3-EE9FE95D86DD}"
EndProject
Project("{8BC9CEB8-8B4A-11D0-8D11-00A0C91BC942}") = "017_有效的括号", "017_有效的括号\017_有效的括号.vcxproj", "{3FE859A1-B2CC-4359-8870-BC554F3677B9}"
EndProject
Project("{8BC9CEB8-8B4A-11D0-8D11-00A0C91BC942}") = "018_买股票的最佳时间", "018_买股票的最佳时间\018_买股票的最佳时间.vcxproj", "{E7862C61-5714-4FE5-949B-68C7908AB10A}"
EndProject
Project("{8BC9CEB8-8B4A-11D0-8D11-00A0C91BC942}") = "019_反转链表2", "019_反转链表2\019_反转链表2.vcxproj", "{311D5D3A-49B6-4A83-9FA7-7E8DC721B03D}"
EndProject
Project("{8BC9CEB8-8B4A-11D0-8D11-00A0C91BC942}") = "020_二叉树的最近公共祖先", "020_二叉树的最近公共祖先\020_二叉树的最近公共祖先.vcxproj", "{BAEC3306-8319-456A-A158-B067EE9B3DE8}"
EndProject
Project("{8BC9CEB8-8B4A-11D0-8D11-00A0C91BC942}") = "021_二叉树锯齿形层序遍历", "021_二叉树锯齿形层序遍历\021_二叉树锯齿形层序遍历.vcxproj", "{A23D34B4-0BF3-46C3-BA56-9FBCFA4BFCE6}"
EndProject
Project("{8BC9CEB8-8B4A-11D0-8D11-00A0C91BC942}") = "022_环形链表", "022_环形链表\022_环形链表.vcxproj", "{90DF3C83-05A0-48A3-9D9B-3CF50F717258}"
EndProject
Project("{8BC9CEB8-8B4A-11D0-8D11-00A0C91BC942}") = "023_最长上升子序列", "023_最长上升子序列\023_最长上升子序列.vcxproj", "{56062752-3C6E-44C5-A94E-C63C07B65629}"
EndProject
Project("{8BC9CEB8-8B4A-11D0-8D11-00A0C91BC942}") = "024_螺旋矩阵", "024_螺旋矩阵\024_螺旋矩阵.vcxproj", "{7802F14B-FB84-43FB-A190-CB2C3B599F40}"
EndProject
Project("{8BC9CEB8-8B4A-11D0-8D11-00A0C91BC942}") = "025_重排链表", "025_重排链表\025_重排链表.vcxproj", "{19F144E8-4C38-42B6-9AC0-9AC2313E1D98}"
EndProject
Project("{8BC9CEB8-8B4A-11D0-8D11-00A0C91BC942}") = "026_合并K个升序链表", "026_合并K个升序链表\026_合并K个升序链表.vcxproj", "{3301FC80-E3B5-463E-BDA8-381AA78FB893}"
EndProject
Project("{8BC9CEB8-8B4A-11D0-8D11-00A0C91BC942}") = "027_字符串相加", "027_字符串相加\027_字符串相加.vcxproj", "{D9AA8A51-CECA-4927-9E63-AD27029DA1F4}"
EndProject
Global
	GlobalSection(SolutionConfigurationPlatforms) = preSolution
		Debug|x64 = Debug|x64
		Debug|x86 = Debug|x86
		Release|x64 = Release|x64
		Release|x86 = Release|x86
	EndGlobalSection
	GlobalSection(ProjectConfigurationPlatforms) = postSolution
		{0BF57530-1322-4A02-967F-8B51A37C1E11}.Debug|x64.ActiveCfg = Debug|x64
		{0BF57530-1322-4A02-967F-8B51A37C1E11}.Debug|x64.Build.0 = Debug|x64
		{0BF57530-1322-4A02-967F-8B51A37C1E11}.Debug|x86.ActiveCfg = Debug|Win32
		{0BF57530-1322-4A02-967F-8B51A37C1E11}.Debug|x86.Build.0 = Debug|Win32
		{0BF57530-1322-4A02-967F-8B51A37C1E11}.Release|x64.ActiveCfg = Release|x64
		{0BF57530-1322-4A02-967F-8B51A37C1E11}.Release|x64.Build.0 = Release|x64
		{0BF57530-1322-4A02-967F-8B51A37C1E11}.Release|x86.ActiveCfg = Release|Win32
		{0BF57530-1322-4A02-967F-8B51A37C1E11}.Release|x86.Build.0 = Release|Win32
		{A803D7F2-F7F1-4E33-980C-F27E32C727CB}.Debug|x64.ActiveCfg = Debug|x64
		{A803D7F2-F7F1-4E33-980C-F27E32C727CB}.Debug|x64.Build.0 = Debug|x64
		{A803D7F2-F7F1-4E33-980C-F27E32C727CB}.Debug|x86.ActiveCfg = Debug|Win32
		{A803D7F2-F7F1-4E33-980C-F27E32C727CB}.Debug|x86.Build.0 = Debug|Win32
		{A803D7F2-F7F1-4E33-980C-F27E32C727CB}.Release|x64.ActiveCfg = Release|x64
		{A803D7F2-F7F1-4E33-980C-F27E32C727CB}.Release|x64.Build.0 = Release|x64
		{A803D7F2-F7F1-4E33-980C-F27E32C727CB}.Release|x86.ActiveCfg = Release|Win32
		{A803D7F2-F7F1-4E33-980C-F27E32C727CB}.Release|x86.Build.0 = Release|Win32
		{091EB878-3BE7-4E46-BFAE-10702E69CC50}.Debug|x64.ActiveCfg = Debug|x64
		{091EB878-3BE7-4E46-BFAE-10702E69CC50}.Debug|x64.Build.0 = Debug|x64
		{091EB878-3BE7-4E46-BFAE-10702E69CC50}.Debug|x86.ActiveCfg = Debug|Win32
		{091EB878-3BE7-4E46-BFAE-10702E69CC50}.Debug|x86.Build.0 = Debug|Win32
		{091EB878-3BE7-4E46-BFAE-10702E69CC50}.Release|x64.ActiveCfg = Release|x64
		{091EB878-3BE7-4E46-BFAE-10702E69CC50}.Release|x64.Build.0 = Release|x64
		{091EB878-3BE7-4E46-BFAE-10702E69CC50}.Release|x86.ActiveCfg = Release|Win32
		{091EB878-3BE7-4E46-BFAE-10702E69CC50}.Release|x86.Build.0 = Release|Win32
		{D64EDB4A-04CD-42CF-B3E6-F65E822EFAA9}.Debug|x64.ActiveCfg = Debug|x64
		{D64EDB4A-04CD-42CF-B3E6-F65E822EFAA9}.Debug|x64.Build.0 = Debug|x64
		{D64EDB4A-04CD-42CF-B3E6-F65E822EFAA9}.Debug|x86.ActiveCfg = Debug|Win32
		{D64EDB4A-04CD-42CF-B3E6-F65E822EFAA9}.Debug|x86.Build.0 = Debug|Win32
		{D64EDB4A-04CD-42CF-B3E6-F65E822EFAA9}.Release|x64.ActiveCfg = Release|x64
		{D64EDB4A-04CD-42CF-B3E6-F65E822EFAA9}.Release|x64.Build.0 = Release|x64
		{D64EDB4A-04CD-42CF-B3E6-F65E822EFAA9}.Release|x86.ActiveCfg = Release|Win32
		{D64EDB4A-04CD-42CF-B3E6-F65E822EFAA9}.Release|x86.Build.0 = Release|Win32
		{1860AFE7-4094-4F22-ACBE-0F21D8A23827}.Debug|x64.ActiveCfg = Debug|x64
		{1860AFE7-4094-4F22-ACBE-0F21D8A23827}.Debug|x64.Build.0 = Debug|x64
		{1860AFE7-4094-4F22-ACBE-0F21D8A23827}.Debug|x86.ActiveCfg = Debug|Win32
		{1860AFE7-4094-4F22-ACBE-0F21D8A23827}.Debug|x86.Build.0 = Debug|Win32
		{1860AFE7-4094-4F22-ACBE-0F21D8A23827}.Release|x64.ActiveCfg = Release|x64
		{1860AFE7-4094-4F22-ACBE-0F21D8A23827}.Release|x64.Build.0 = Release|x64
		{1860AFE7-4094-4F22-ACBE-0F21D8A23827}.Release|x86.ActiveCfg = Release|Win32
		{1860AFE7-4094-4F22-ACBE-0F21D8A23827}.Release|x86.Build.0 = Release|Win32
		{1EE8DC7B-D569-4B8A-ADBC-8CB89221277E}.Debug|x64.ActiveCfg = Debug|x64
		{1EE8DC7B-D569-4B8A-ADBC-8CB89221277E}.Debug|x64.Build.0 = Debug|x64
		{1EE8DC7B-D569-4B8A-ADBC-8CB89221277E}.Debug|x86.ActiveCfg = Debug|Win32
		{1EE8DC7B-D569-4B8A-ADBC-8CB89221277E}.Debug|x86.Build.0 = Debug|Win32
		{1EE8DC7B-D569-4B8A-ADBC-8CB89221277E}.Release|x64.ActiveCfg = Release|x64
		{1EE8DC7B-D569-4B8A-ADBC-8CB89221277E}.Release|x64.Build.0 = Release|x64
		{1EE8DC7B-D569-4B8A-ADBC-8CB89221277E}.Release|x86.ActiveCfg = Release|Win32
		{1EE8DC7B-D569-4B8A-ADBC-8CB89221277E}.Release|x86.Build.0 = Release|Win32
		{7DD38489-3195-46A4-A6F4-879C77598ACE}.Debug|x64.ActiveCfg = Debug|x64
		{7DD38489-3195-46A4-A6F4-879C77598ACE}.Debug|x64.Build.0 = Debug|x64
		{7DD38489-3195-46A4-A6F4-879C77598ACE}.Debug|x86.ActiveCfg = Debug|Win32
		{7DD38489-3195-46A4-A6F4-879C77598ACE}.Debug|x86.Build.0 = Debug|Win32
		{7DD38489-3195-46A4-A6F4-879C77598ACE}.Release|x64.ActiveCfg = Release|x64
		{7DD38489-3195-46A4-A6F4-879C77598ACE}.Release|x64.Build.0 = Release|x64
		{7DD38489-3195-46A4-A6F4-879C77598ACE}.Release|x86.ActiveCfg = Release|Win32
		{7DD38489-3195-46A4-A6F4-879C77598ACE}.Release|x86.Build.0 = Release|Win32
		{80FD9428-1A26-40B1-878A-E6A6A445EFD8}.Debug|x64.ActiveCfg = Debug|x64
		{80FD9428-1A26-40B1-878A-E6A6A445EFD8}.Debug|x64.Build.0 = Debug|x64
		{80FD9428-1A26-40B1-878A-E6A6A445EFD8}.Debug|x86.ActiveCfg = Debug|Win32
		{80FD9428-1A26-40B1-878A-E6A6A445EFD8}.Debug|x86.Build.0 = Debug|Win32
		{80FD9428-1A26-40B1-878A-E6A6A445EFD8}.Release|x64.ActiveCfg = Release|x64
		{80FD9428-1A26-40B1-878A-E6A6A445EFD8}.Release|x64.Build.0 = Release|x64
		{80FD9428-1A26-40B1-878A-E6A6A445EFD8}.Release|x86.ActiveCfg = Release|Win32
		{80FD9428-1A26-40B1-878A-E6A6A445EFD8}.Release|x86.Build.0 = Release|Win32
		{8906EB09-8487-49D1-B609-63EE7B8806BC}.Debug|x64.ActiveCfg = Debug|x64
		{8906EB09-8487-49D1-B609-63EE7B8806BC}.Debug|x64.Build.0 = Debug|x64
		{8906EB09-8487-49D1-B609-63EE7B8806BC}.Debug|x86.ActiveCfg = Debug|Win32
		{8906EB09-8487-49D1-B609-63EE7B8806BC}.Debug|x86.Build.0 = Debug|Win32
		{8906EB09-8487-49D1-B609-63EE7B8806BC}.Release|x64.ActiveCfg = Release|x64
		{8906EB09-8487-49D1-B609-63EE7B8806BC}.Release|x64.Build.0 = Release|x64
		{8906EB09-8487-49D1-B609-63EE7B8806BC}.Release|x86.ActiveCfg = Release|Win32
		{8906EB09-8487-49D1-B609-63EE7B8806BC}.Release|x86.Build.0 = Release|Win32
		{9DCD5194-9775-49D8-9AD3-BBC522538348}.Debug|x64.ActiveCfg = Debug|x64
		{9DCD5194-9775-49D8-9AD3-BBC522538348}.Debug|x64.Build.0 = Debug|x64
		{9DCD5194-9775-49D8-9AD3-BBC522538348}.Debug|x86.ActiveCfg = Debug|Win32
		{9DCD5194-9775-49D8-9AD3-BBC522538348}.Debug|x86.Build.0 = Debug|Win32
		{9DCD5194-9775-49D8-9AD3-BBC522538348}.Release|x64.ActiveCfg = Release|x64
		{9DCD5194-9775-49D8-9AD3-BBC522538348}.Release|x64.Build.0 = Release|x64
		{9DCD5194-9775-49D8-9AD3-BBC522538348}.Release|x86.ActiveCfg = Release|Win32
		{9DCD5194-9775-49D8-9AD3-BBC522538348}.Release|x86.Build.0 = Release|Win32
		{36D978E5-FBAE-4102-9307-4A7A468AFD6E}.Debug|x64.ActiveCfg = Debug|x64
		{36D978E5-FBAE-4102-9307-4A7A468AFD6E}.Debug|x64.Build.0 = Debug|x64
		{36D978E5-FBAE-4102-9307-4A7A468AFD6E}.Debug|x86.ActiveCfg = Debug|Win32
		{36D978E5-FBAE-4102-9307-4A7A468AFD6E}.Debug|x86.Build.0 = Debug|Win32
		{36D978E5-FBAE-4102-9307-4A7A468AFD6E}.Release|x64.ActiveCfg = Release|x64
		{36D978E5-FBAE-4102-9307-4A7A468AFD6E}.Release|x64.Build.0 = Release|x64
		{36D978E5-FBAE-4102-9307-4A7A468AFD6E}.Release|x86.ActiveCfg = Release|Win32
		{36D978E5-FBAE-4102-9307-4A7A468AFD6E}.Release|x86.Build.0 = Release|Win32
		{F0A2A8D5-4F31-4D39-B6EA-6986F06493A5}.Debug|x64.ActiveCfg = Debug|x64
		{F0A2A8D5-4F31-4D39-B6EA-6986F06493A5}.Debug|x64.Build.0 = Debug|x64
		{F0A2A8D5-4F31-4D39-B6EA-6986F06493A5}.Debug|x86.ActiveCfg = Debug|Win32
		{F0A2A8D5-4F31-4D39-B6EA-6986F06493A5}.Debug|x86.Build.0 = Debug|Win32
		{F0A2A8D5-4F31-4D39-B6EA-6986F06493A5}.Release|x64.ActiveCfg = Release|x64
		{F0A2A8D5-4F31-4D39-B6EA-6986F06493A5}.Release|x64.Build.0 = Release|x64
		{F0A2A8D5-4F31-4D39-B6EA-6986F06493A5}.Release|x86.ActiveCfg = Release|Win32
		{F0A2A8D5-4F31-4D39-B6EA-6986F06493A5}.Release|x86.Build.0 = Release|Win32
		{2D67365E-F0C2-4A49-9D89-349081379FD4}.Debug|x64.ActiveCfg = Debug|x64
		{2D67365E-F0C2-4A49-9D89-349081379FD4}.Debug|x64.Build.0 = Debug|x64
		{2D67365E-F0C2-4A49-9D89-349081379FD4}.Debug|x86.ActiveCfg = Debug|Win32
		{2D67365E-F0C2-4A49-9D89-349081379FD4}.Debug|x86.Build.0 = Debug|Win32
		{2D67365E-F0C2-4A49-9D89-349081379FD4}.Release|x64.ActiveCfg = Release|x64
		{2D67365E-F0C2-4A49-9D89-349081379FD4}.Release|x64.Build.0 = Release|x64
		{2D67365E-F0C2-4A49-9D89-349081379FD4}.Release|x86.ActiveCfg = Release|Win32
		{2D67365E-F0C2-4A49-9D89-349081379FD4}.Release|x86.Build.0 = Release|Win32
		{87200CEE-DA57-4E90-849D-A4FFA0E49CFC}.Debug|x64.ActiveCfg = Debug|x64
		{87200CEE-DA57-4E90-849D-A4FFA0E49CFC}.Debug|x64.Build.0 = Debug|x64
		{87200CEE-DA57-4E90-849D-A4FFA0E49CFC}.Debug|x86.ActiveCfg = Debug|Win32
		{87200CEE-DA57-4E90-849D-A4FFA0E49CFC}.Debug|x86.Build.0 = Debug|Win32
		{87200CEE-DA57-4E90-849D-A4FFA0E49CFC}.Release|x64.ActiveCfg = Release|x64
		{87200CEE-DA57-4E90-849D-A4FFA0E49CFC}.Release|x64.Build.0 = Release|x64
		{87200CEE-DA57-4E90-849D-A4FFA0E49CFC}.Release|x86.ActiveCfg = Release|Win32
		{87200CEE-DA57-4E90-849D-A4FFA0E49CFC}.Release|x86.Build.0 = Release|Win32
		{58D0B609-AAEC-470E-AB05-98E84593DC1F}.Debug|x64.ActiveCfg = Debug|x64
		{58D0B609-AAEC-470E-AB05-98E84593DC1F}.Debug|x64.Build.0 = Debug|x64
		{58D0B609-AAEC-470E-AB05-98E84593DC1F}.Debug|x86.ActiveCfg = Debug|Win32
		{58D0B609-AAEC-470E-AB05-98E84593DC1F}.Debug|x86.Build.0 = Debug|Win32
		{58D0B609-AAEC-470E-AB05-98E84593DC1F}.Release|x64.ActiveCfg = Release|x64
		{58D0B609-AAEC-470E-AB05-98E84593DC1F}.Release|x64.Build.0 = Release|x64
		{58D0B609-AAEC-470E-AB05-98E84593DC1F}.Release|x86.ActiveCfg = Release|Win32
		{58D0B609-AAEC-470E-AB05-98E84593DC1F}.Release|x86.Build.0 = Release|Win32
		{904A9D1D-F042-4350-86BF-3F2753127FCC}.Debug|x64.ActiveCfg = Debug|x64
		{904A9D1D-F042-4350-86BF-3F2753127FCC}.Debug|x64.Build.0 = Debug|x64
		{904A9D1D-F042-4350-86BF-3F2753127FCC}.Debug|x86.ActiveCfg = Debug|Win32
		{904A9D1D-F042-4350-86BF-3F2753127FCC}.Debug|x86.Build.0 = Debug|Win32
		{904A9D1D-F042-4350-86BF-3F2753127FCC}.Release|x64.ActiveCfg = Release|x64
		{904A9D1D-F042-4350-86BF-3F2753127FCC}.Release|x64.Build.0 = Release|x64
		{904A9D1D-F042-4350-86BF-3F2753127FCC}.Release|x86.ActiveCfg = Release|Win32
		{904A9D1D-F042-4350-86BF-3F2753127FCC}.Release|x86.Build.0 = Release|Win32
		{9001F138-1A33-46FD-BAF3-EE9FE95D86DD}.Debug|x64.ActiveCfg = Debug|x64
		{9001F138-1A33-46FD-BAF3-EE9FE95D86DD}.Debug|x64.Build.0 = Debug|x64
		{9001F138-1A33-46FD-BAF3-EE9FE95D86DD}.Debug|x86.ActiveCfg = Debug|Win32
		{9001F138-1A33-46FD-BAF3-EE9FE95D86DD}.Debug|x86.Build.0 = Debug|Win32
		{9001F138-1A33-46FD-BAF3-EE9FE95D86DD}.Release|x64.ActiveCfg = Release|x64
		{9001F138-1A33-46FD-BAF3-EE9FE95D86DD}.Release|x64.Build.0 = Release|x64
		{9001F138-1A33-46FD-BAF3-EE9FE95D86DD}.Release|x86.ActiveCfg = Release|Win32
		{9001F138-1A33-46FD-BAF3-EE9FE95D86DD}.Release|x86.Build.0 = Release|Win32
		{3FE859A1-B2CC-4359-8870-BC554F3677B9}.Debug|x64.ActiveCfg = Debug|x64
		{3FE859A1-B2CC-4359-8870-BC554F3677B9}.Debug|x64.Build.0 = Debug|x64
		{3FE859A1-B2CC-4359-8870-BC554F3677B9}.Debug|x86.ActiveCfg = Debug|Win32
		{3FE859A1-B2CC-4359-8870-BC554F3677B9}.Debug|x86.Build.0 = Debug|Win32
		{3FE859A1-B2CC-4359-8870-BC554F3677B9}.Release|x64.ActiveCfg = Release|x64
		{3FE859A1-B2CC-4359-8870-BC554F3677B9}.Release|x64.Build.0 = Release|x64
		{3FE859A1-B2CC-4359-8870-BC554F3677B9}.Release|x86.ActiveCfg = Release|Win32
		{3FE859A1-B2CC-4359-8870-BC554F3677B9}.Release|x86.Build.0 = Release|Win32
		{E7862C61-5714-4FE5-949B-68C7908AB10A}.Debug|x64.ActiveCfg = Debug|x64
		{E7862C61-5714-4FE5-949B-68C7908AB10A}.Debug|x64.Build.0 = Debug|x64
		{E7862C61-5714-4FE5-949B-68C7908AB10A}.Debug|x86.ActiveCfg = Debug|Win32
		{E7862C61-5714-4FE5-949B-68C7908AB10A}.Debug|x86.Build.0 = Debug|Win32
		{E7862C61-5714-4FE5-949B-68C7908AB10A}.Release|x64.ActiveCfg = Release|x64
		{E7862C61-5714-4FE5-949B-68C7908AB10A}.Release|x64.Build.0 = Release|x64
		{E7862C61-5714-4FE5-949B-68C7908AB10A}.Release|x86.ActiveCfg = Release|Win32
		{E7862C61-5714-4FE5-949B-68C7908AB10A}.Release|x86.Build.0 = Release|Win32
		{311D5D3A-49B6-4A83-9FA7-7E8DC721B03D}.Debug|x64.ActiveCfg = Debug|x64
		{311D5D3A-49B6-4A83-9FA7-7E8DC721B03D}.Debug|x64.Build.0 = Debug|x64
		{311D5D3A-49B6-4A83-9FA7-7E8DC721B03D}.Debug|x86.ActiveCfg = Debug|Win32
		{311D5D3A-49B6-4A83-9FA7-7E8DC721B03D}.Debug|x86.Build.0 = Debug|Win32
		{311D5D3A-49B6-4A83-9FA7-7E8DC721B03D}.Release|x64.ActiveCfg = Release|x64
		{311D5D3A-49B6-4A83-9FA7-7E8DC721B03D}.Release|x64.Build.0 = Release|x64
		{311D5D3A-49B6-4A83-9FA7-7E8DC721B03D}.Release|x86.ActiveCfg = Release|Win32
		{311D5D3A-49B6-4A83-9FA7-7E8DC721B03D}.Release|x86.Build.0 = Release|Win32
		{BAEC3306-8319-456A-A158-B067EE9B3DE8}.Debug|x64.ActiveCfg = Debug|x64
		{BAEC3306-8319-456A-A158-B067EE9B3DE8}.Debug|x64.Build.0 = Debug|x64
		{BAEC3306-8319-456A-A158-B067EE9B3DE8}.Debug|x86.ActiveCfg = Debug|Win32
		{BAEC3306-8319-456A-A158-B067EE9B3DE8}.Debug|x86.Build.0 = Debug|Win32
		{BAEC3306-8319-456A-A158-B067EE9B3DE8}.Release|x64.ActiveCfg = Release|x64
		{BAEC3306-8319-456A-A158-B067EE9B3DE8}.Release|x64.Build.0 = Release|x64
		{BAEC3306-8319-456A-A158-B067EE9B3DE8}.Release|x86.ActiveCfg = Release|Win32
		{BAEC3306-8319-456A-A158-B067EE9B3DE8}.Release|x86.Build.0 = Release|Win32
		{A23D34B4-0BF3-46C3-BA56-9FBCFA4BFCE6}.Debug|x64.ActiveCfg = Debug|x64
		{A23D34B4-0BF3-46C3-BA56-9FBCFA4BFCE6}.Debug|x64.Build.0 = Debug|x64
		{A23D34B4-0BF3-46C3-BA56-9FBCFA4BFCE6}.Debug|x86.ActiveCfg = Debug|Win32
		{A23D34B4-0BF3-46C3-BA56-9FBCFA4BFCE6}.Debug|x86.Build.0 = Debug|Win32
		{A23D34B4-0BF3-46C3-BA56-9FBCFA4BFCE6}.Release|x64.ActiveCfg = Release|x64
		{A23D34B4-0BF3-46C3-BA56-9FBCFA4BFCE6}.Release|x64.Build.0 = Release|x64
		{A23D34B4-0BF3-46C3-BA56-9FBCFA4BFCE6}.Release|x86.ActiveCfg = Release|Win32
		{A23D34B4-0BF3-46C3-BA56-9FBCFA4BFCE6}.Release|x86.Build.0 = Release|Win32
		{90DF3C83-05A0-48A3-9D9B-3CF50F717258}.Debug|x64.ActiveCfg = Debug|x64
		{90DF3C83-05A0-48A3-9D9B-3CF50F717258}.Debug|x64.Build.0 = Debug|x64
		{90DF3C83-05A0-48A3-9D9B-3CF50F717258}.Debug|x86.ActiveCfg = Debug|Win32
		{90DF3C83-05A0-48A3-9D9B-3CF50F717258}.Debug|x86.Build.0 = Debug|Win32
		{90DF3C83-05A0-48A3-9D9B-3CF50F717258}.Release|x64.ActiveCfg = Release|x64
		{90DF3C83-05A0-48A3-9D9B-3CF50F717258}.Release|x64.Build.0 = Release|x64
		{90DF3C83-05A0-48A3-9D9B-3CF50F717258}.Release|x86.ActiveCfg = Release|Win32
		{90DF3C83-05A0-48A3-9D9B-3CF50F717258}.Release|x86.Build.0 = Release|Win32
		{56062752-3C6E-44C5-A94E-C63C07B65629}.Debug|x64.ActiveCfg = Debug|x64
		{56062752-3C6E-44C5-A94E-C63C07B65629}.Debug|x64.Build.0 = Debug|x64
		{56062752-3C6E-44C5-A94E-C63C07B65629}.Debug|x86.ActiveCfg = Debug|Win32
		{56062752-3C6E-44C5-A94E-C63C07B65629}.Debug|x86.Build.0 = Debug|Win32
		{56062752-3C6E-44C5-A94E-C63C07B65629}.Release|x64.ActiveCfg = Release|x64
		{56062752-3C6E-44C5-A94E-C63C07B65629}.Release|x64.Build.0 = Release|x64
		{56062752-3C6E-44C5-A94E-C63C07B65629}.Release|x86.ActiveCfg = Release|Win32
		{56062752-3C6E-44C5-A94E-C63C07B65629}.Release|x86.Build.0 = Release|Win32
		{7802F14B-FB84-43FB-A190-CB2C3B599F40}.Debug|x64.ActiveCfg = Debug|x64
		{7802F14B-FB84-43FB-A190-CB2C3B599F40}.Debug|x64.Build.0 = Debug|x64
		{7802F14B-FB84-43FB-A190-CB2C3B599F40}.Debug|x86.ActiveCfg = Debug|Win32
		{7802F14B-FB84-43FB-A190-CB2C3B599F40}.Debug|x86.Build.0 = Debug|Win32
		{7802F14B-FB84-43FB-A190-CB2C3B599F40}.Release|x64.ActiveCfg = Release|x64
		{7802F14B-FB84-43FB-A190-CB2C3B599F40}.Release|x64.Build.0 = Release|x64
		{7802F14B-FB84-43FB-A190-CB2C3B599F40}.Release|x86.ActiveCfg = Release|Win32
		{7802F14B-FB84-43FB-A190-CB2C3B599F40}.Release|x86.Build.0 = Release|Win32
		{19F144E8-4C38-42B6-9AC0-9AC2313E1D98}.Debug|x64.ActiveCfg = Debug|x64
		{19F144E8-4C38-42B6-9AC0-9AC2313E1D98}.Debug|x64.Build.0 = Debug|x64
		{19F144E8-4C38-42B6-9AC0-9AC2313E1D98}.Debug|x86.ActiveCfg = Debug|Win32
		{19F144E8-4C38-42B6-9AC0-9AC2313E1D98}.Debug|x86.Build.0 = Debug|Win32
		{19F144E8-4C38-42B6-9AC0-9AC2313E1D98}.Release|x64.ActiveCfg = Release|x64
		{19F144E8-4C38-42B6-9AC0-9AC2313E1D98}.Release|x64.Build.0 = Release|x64
		{19F144E8-4C38-42B6-9AC0-9AC2313E1D98}.Release|x86.ActiveCfg = Release|Win32
		{19F144E8-4C38-42B6-9AC0-9AC2313E1D98}.Release|x86.Build.0 = Release|Win32
		{3301FC80-E3B5-463E-BDA8-381AA78FB893}.Debug|x64.ActiveCfg = Debug|x64
		{3301FC80-E3B5-463E-BDA8-381AA78FB893}.Debug|x64.Build.0 = Debug|x64
		{3301FC80-E3B5-463E-BDA8-381AA78FB893}.Debug|x86.ActiveCfg = Debug|Win32
		{3301FC80-E3B5-463E-BDA8-381AA78FB893}.Debug|x86.Build.0 = Debug|Win32
		{3301FC80-E3B5-463E-BDA8-381AA78FB893}.Release|x64.ActiveCfg = Release|x64
		{3301FC80-E3B5-463E-BDA8-381AA78FB893}.Release|x64.Build.0 = Release|x64
		{3301FC80-E3B5-463E-BDA8-381AA78FB893}.Release|x86.ActiveCfg = Release|Win32
		{3301FC80-E3B5-463E-BDA8-381AA78FB893}.Release|x86.Build.0 = Release|Win32
		{D9AA8A51-CECA-4927-9E63-AD27029DA1F4}.Debug|x64.ActiveCfg = Debug|x64
		{D9AA8A51-CECA-4927-9E63-AD27029DA1F4}.Debug|x64.Build.0 = Debug|x64
		{D9AA8A51-CECA-4927-9E63-AD27029DA1F4}.Debug|x86.ActiveCfg = Debug|Win32
		{D9AA8A51-CECA-4927-9E63-AD27029DA1F4}.Debug|x86.Build.0 = Debug|Win32
		{D9AA8A51-CECA-4927-9E63-AD27029DA1F4}.Release|x64.ActiveCfg = Release|x64
		{D9AA8A51-CECA-4927-9E63-AD27029DA1F4}.Release|x64.Build.0 = Release|x64
		{D9AA8A51-CECA-4927-9E63-AD27029DA1F4}.Release|x86.ActiveCfg = Release|Win32
		{D9AA8A51-CECA-4927-9E63-AD27029DA1F4}.Release|x86.Build.0 = Release|Win32
	EndGlobalSection
	GlobalSection(SolutionProperties) = preSolution
		HideSolutionNode = FALSE
	EndGlobalSection
	GlobalSection(ExtensibilityGlobals) = postSolution
		SolutionGuid = {F514D159-C74E-42A9-8ED3-51154677D6B8}
	EndGlobalSection
EndGlobal
